
Microsoft Visual Studio Solution File, Format Version 12.00
# Visual Studio Version 16
VisualStudioVersion = 25.0.1700.2
MinimumVisualStudioVersion = 10.0.40219.1
Project("{FAE04EC0-301F-11D3-BF4B-00C04F79EFBC}") = "parafarmacia", "parafarmacia\parafarmacia.csproj", "{21E9EAEC-83A5-4F7A-9CDA-01A431964571}"
EndProject
Global
	GlobalSection(SolutionConfigurationPlatforms) = preSolution
		Debug|Any CPU = Debug|Any CPU
		Release|Any CPU = Release|Any CPU
	EndGlobalSection
	GlobalSection(ProjectConfigurationPlatforms) = postSolution
		{21E9EAEC-83A5-4F7A-9CDA-01A431964571}.Debug|Any CPU.ActiveCfg = Debug|Any CPU
		{21E9EAEC-83A5-4F7A-9CDA-01A431964571}.Debug|Any CPU.Build.0 = Debug|Any CPU
		{21E9EAEC-83A5-4F7A-9CDA-01A431964571}.Release|Any CPU.ActiveCfg = Release|Any CPU
		{21E9EAEC-83A5-4F7A-9CDA-01A431964571}.Release|Any CPU.Build.0 = Release|Any CPU
	EndGlobalSection
	GlobalSection(SolutionProperties) = preSolution
		HideSolutionNode = FALSE
	EndGlobalSection
	GlobalSection(ExtensibilityGlobals) = postSolution
		SolutionGuid = {CE0359DD-7DB2-45D1-A032-4E6351163115}
	EndGlobalSection
EndGlobal
